PODS:
  - device_info_plus (0.0.1):
    - Flutter
  - Flutter (1.0.0)
  - FMDB (2.7.5):
    - FMDB/standard (= 2.7.5)
  - FMDB/standard (2.7.5)
  - image_picker (0.0.1):
    - Flutter
  - integration_test (0.0.1):
    - Flutter
  - path_provider_ios (0.0.1):
    - Flutter
  - quick_actions (0.0.1):
    - Flutter
  - shared_preferences_ios (0.0.1):
    - Flutter
  - sqflite (0.0.2):
    - Flutter
    - FMDB (>= 2.7.5)
  - url_launcher (0.0.1):
    - Flutter
  - webview_flutter_wkwebview (0.0.1):
    - Flutter

DEPENDENCIES:
  - device_info_plus (from `.symlinks/plugins/device_info_plus/ios`)
  - Flutter (from `Flutter`)
  - image_picker (from `.symlinks/plugins/image_picker/ios`)
  - integration_test (from `.symlinks/plugins/integration_test/ios`)
  - path_provider_ios (from `.symlinks/plugins/path_provider_ios/ios`)
  - quick_actions (from `.symlinks/plugins/quick_actions/ios`)
  - shared_preferences_ios (from `.symlinks/plugins/shared_preferences_ios/ios`)
  - sqflite (from `.symlinks/plugins/sqflite/ios`)
  - url_launcher (from `.symlinks/plugins/url_launcher/ios`)
  - webview_flutter_wkwebview (from `.symlinks/plugins/webview_flutter_wkwebview/ios`)

SPEC REPOS:
  trunk:
    - FMDB

EXTERNAL SOURCES:
  device_info_plus:
    :path: ".symlinks/plugins/device_info_plus/ios"
  Flutter:
    :path: Flutter
  image_picker:
    :path: ".symlinks/plugins/image_picker/ios"
  integration_test:
    :path: ".symlinks/plugins/integration_test/ios"
  path_provider_ios:
    :path: ".symlinks/plugins/path_provider_ios/ios"
  quick_actions:
    :path: ".symlinks/plugins/quick_actions/ios"
  shared_preferences_ios:
    :path: ".symlinks/plugins/shared_preferences_ios/ios"
  sqflite:
    :path: ".symlinks/plugins/sqflite/ios"
  url_launcher:
    :path: ".symlinks/plugins/url_launcher/ios"
  webview_flutter_wkwebview:
    :path: ".symlinks/plugins/webview_flutter_wkwebview/ios"

SPEC CHECKSUMS:
  device_info_plus: e5c5da33f982a436e103237c0c85f9031142abed
  Flutter: 50d75fe2f02b26cc09d224853bb45737f8b3214a
  FMDB: 2ce00b547f966261cd18927a3ddb07cb6f3db82a
  image_picker: 9aa50e1d8cdacdbed739e925b7eea16d014367e6
  integration_test: a1e7d09bd98eca2fc37aefd79d4f41ad37bdbbe5
  path_provider_ios: 14f3d2fd28c4fdb42f44e0f751d12861c43cee02
  quick_actions: cd83314083fa994182e6cd9e7516167a215a4f83
  shared_preferences_ios: 548a61f8053b9b8a49ac19c1ffbc8b92c50d68ad
  sqflite: 6d358c025f5b867b29ed92fc697fd34924e11904
  url_launcher: b6e016d912f04be9f5bf6e8e82dc599b7ba59649
  webview_flutter_wkwebview: 005fbd90c888a42c5690919a1527ecc6649e1162

PODFILE CHECKSUM: f21874f5ad20417a1379dd7f118d0a115e248b53

COCOAPODS: 1.11.3
